
Microsoft Visual Studio Solution File, Format Version 12.00
Project("{FAE04EC0-301F-11D3-BF4B-00C04F79EFBC}") = "BinaryRepresentation", "BinaryRepresentation\BinaryRepresentation.csproj", "{D0D4F06D-6A86-48E5-BA0E-DBC5BAC5F316}"
EndProject
Project("{FAE04EC0-301F-11D3-BF4B-00C04F79EFBC}") = "BinaryRepresentation.Tasks", "BinaryRepresentation.Tests\BinaryRepresentation.Tasks.csproj", "{CCA5ABF1-94AD-4A6F-87DC-4A8C64A7C5F3}"
EndProject
Global
	GlobalSection(SolutionConfigurationPlatforms) = preSolution
		Debug|Any CPU = Debug|Any CPU
		Release|Any CPU = Release|Any CPU
	EndGlobalSection
	GlobalSection(ProjectConfigurationPlatforms) = postSolution
		{D0D4F06D-6A86-48E5-BA0E-DBC5BAC5F316}.Debug|Any CPU.ActiveCfg = Debug|Any CPU
		{D0D4F06D-6A86-48E5-BA0E-DBC5BAC5F316}.Debug|Any CPU.Build.0 = Debug|Any CPU
		{D0D4F06D-6A86-48E5-BA0E-DBC5BAC5F316}.Release|Any CPU.ActiveCfg = Release|Any CPU
		{D0D4F06D-6A86-48E5-BA0E-DBC5BAC5F316}.Release|Any CPU.Build.0 = Release|Any CPU
		{CCA5ABF1-94AD-4A6F-87DC-4A8C64A7C5F3}.Debug|Any CPU.ActiveCfg = Debug|Any CPU
		{CCA5ABF1-94AD-4A6F-87DC-4A8C64A7C5F3}.Debug|Any CPU.Build.0 = Debug|Any CPU
		{CCA5ABF1-94AD-4A6F-87DC-4A8C64A7C5F3}.Release|Any CPU.ActiveCfg = Release|Any CPU
		{CCA5ABF1-94AD-4A6F-87DC-4A8C64A7C5F3}.Release|Any CPU.Build.0 = Release|Any CPU
	EndGlobalSection
EndGlobal
